
Microsoft Visual Studio Solution File, Format Version 12.00
# Visual Studio Version 16
VisualStudioVersion = 16.0.31005.135
MinimumVisualStudioVersion = 10.0.40219.1
Project("{FAE04EC0-301F-11D3-BF4B-00C04F79EFBC}") = "Parameters", "Parameters\Parameters.csproj", "{8BB6D90A-8B61-4DAA-BF44-BB242DC89D4B}"
EndProject
Project("{9A19103F-16F7-4668-BE54-9A1E7A4F7556}") = "Comparables", "Comparables\Comparables.csproj", "{E42AC98B-B049-4B0D-9487-4023DF96CA2A}"
EndProject
Project("{FAE04EC0-301F-11D3-BF4B-00C04F79EFBC}") = "Comparers", "Comparers\Comparers.csproj", "{8D376643-DFE6-49C6-90A6-68AE4EC72DCA}"
EndProject
Project("{FAE04EC0-301F-11D3-BF4B-00C04F79EFBC}") = "Delegates", "Delegates\Delegates.csproj", "{E926D139-780A-4697-AF82-EBB45E191B65}"
EndProject
Project("{FAE04EC0-301F-11D3-BF4B-00C04F79EFBC}") = "Comparisons", "Comparisons\Comparisons.csproj", "{FA2B689E-68F1-4BA6-A633-534532B221CF}"
EndProject
Project("{FAE04EC0-301F-11D3-BF4B-00C04F79EFBC}") = "Recursions", "Recursions\Recursions.csproj", "{BAB81B34-C301-4FEB-8C2F-BF520F78EAA9}"
EndProject
Project("{FAE04EC0-301F-11D3-BF4B-00C04F79EFBC}") = "Searching", "Searching\Searching.csproj", "{F53614B3-E26B-44A6-901C-B6EDA8B80CFB}"
EndProject
Project("{FAE04EC0-301F-11D3-BF4B-00C04F79EFBC}") = "SmartArrays", "SmartArrays\SmartArrays.csproj", "{90FB1D7D-C30A-4342-8362-B428EF9772B8}"
EndProject
Project("{9A19103F-16F7-4668-BE54-9A1E7A4F7556}") = "Selection", "Selection\Selection.csproj", "{6A311B11-0FFB-4292-844D-ACBA09D98C05}"
EndProject
Project("{9A19103F-16F7-4668-BE54-9A1E7A4F7556}") = "QuickSort", "QuickSort\QuickSort.csproj", "{6F0A747B-9CD7-46F1-8A74-C0C6498F3510}"
EndProject
Project("{9A19103F-16F7-4668-BE54-9A1E7A4F7556}") = "PriorityQueue", "PriorityQueue\PriorityQueue.csproj", "{1F945A0D-3A77-4242-8D0B-931BE1949BE4}"
EndProject
Project("{FAE04EC0-301F-11D3-BF4B-00C04F79EFBC}") = "BasicStructure", "BasicStructure\BasicStructure.csproj", "{4643999E-EC87-44CB-BE09-D76D8871FF9F}"
EndProject
Project("{FAE04EC0-301F-11D3-BF4B-00C04F79EFBC}") = "Exceptions", "Exceptions\Exceptions.csproj", "{98228262-915C-47AC-8DA6-FCE075870673}"
EndProject
Project("{FAE04EC0-301F-11D3-BF4B-00C04F79EFBC}") = "Inheritance", "Inheritance\Inheritance.csproj", "{CE4A2EF0-D16C-457D-B219-D1735F4B362F}"
EndProject
Project("{FAE04EC0-301F-11D3-BF4B-00C04F79EFBC}") = "Interfaces", "Interfaces\Interfaces.csproj", "{BF6540E3-6BE7-42AC-9009-9DE09F25F52D}"
EndProject
Project("{FAE04EC0-301F-11D3-BF4B-00C04F79EFBC}") = "MafiaAndBoss", "MafiaAndBoss\MafiaAndBoss.csproj", "{61F38C52-1AC9-4341-B576-B66AA5BEE5AF}"
EndProject
Project("{FAE04EC0-301F-11D3-BF4B-00C04F79EFBC}") = "Stacks", "Stacks\Stacks.csproj", "{BFAB85E1-365C-49CA-914A-6B7BF6A249D1}"
EndProject
Project("{FAE04EC0-301F-11D3-BF4B-00C04F79EFBC}") = "SingleList", "SingleList\SingleList.csproj", "{BAF24689-AC15-4DAB-993E-1F0E0859F594}"
EndProject
Project("{FAE04EC0-301F-11D3-BF4B-00C04F79EFBC}") = "Queue", "Queue\Queue.csproj", "{21A82837-066E-4937-96A9-3B53E4CD2619}"
EndProject
Project("{FAE04EC0-301F-11D3-BF4B-00C04F79EFBC}") = "Introduction", "Introduction\Introduction.csproj", "{5A3F7EFF-8E9A-4DCF-8E26-9D28284A6731}"
EndProject
Project("{FAE04EC0-301F-11D3-BF4B-00C04F79EFBC}") = "GenericSingleList", "GenericSingleList\GenericSingleList.csproj", "{317B220D-AC2D-46CD-91E4-C1EA45B95902}"
EndProject
Project("{FAE04EC0-301F-11D3-BF4B-00C04F79EFBC}") = "GenericMethods", "GenericMethods\GenericMethods.csproj", "{15EF0174-15D7-42A0-8F49-C38D93DFE1CD}"
EndProject
Project("{FAE04EC0-301F-11D3-BF4B-00C04F79EFBC}") = "GenericDelegates_wArrays", "GenericDelegates_wArrays\GenericDelegates_wArrays.csproj", "{66C31AE4-AEDD-44BD-9D4D-6351A37A0ED7}"
EndProject
Project("{FAE04EC0-301F-11D3-BF4B-00C04F79EFBC}") = "GenericDelegates", "GenericDelegates\GenericDelegates.csproj", "{03EED59C-EA65-464E-AB78-6373DE4B9658}"
EndProject
Project("{FAE04EC0-301F-11D3-BF4B-00C04F79EFBC}") = "Constraints", "Constraints\Constraints.csproj", "{13DE4533-7001-4286-A6B3-6525E92F9BC1}"
EndProject
Project("{FAE04EC0-301F-11D3-BF4B-00C04F79EFBC}") = "DoubleList", "DoubleList\DoubleList.csproj", "{455D98E1-8E32-430A-A603-B3F5A9B4AA50}"
EndProject
Project("{FAE04EC0-301F-11D3-BF4B-00C04F79EFBC}") = "List_AliRadi", "List_AliRadi\List_AliRadi.csproj", "{51BE9678-25AA-48E3-8ACD-528C8CBADEA6}"
EndProject
Project("{FAE04EC0-301F-11D3-BF4B-00C04F79EFBC}") = "BinaryTree", "BinaryTree\BinaryTree.csproj", "{767BFE18-8DBA-44F7-8650-EC8866B72133}"
EndProject
Project("{2150E333-8FDC-42A3-9474-1A3956D46DE8}") = "Vjezba_1", "Vjezba_1", "{74AE00B8-2FD4-4097-8150-ED84A04618FD}"
EndProject
Project("{2150E333-8FDC-42A3-9474-1A3956D46DE8}") = "Vjezba_2", "Vjezba_2", "{034521A3-B417-45D7-8284-CEE2C257E0F5}"
EndProject
Project("{2150E333-8FDC-42A3-9474-1A3956D46DE8}") = "Vjezba_3", "Vjezba_3", "{2A664EB6-5DD1-4202-89B5-8F14133F0E54}"
EndProject
Project("{2150E333-8FDC-42A3-9474-1A3956D46DE8}") = "Vjezba_4", "Vjezba_4", "{0F0B8FF8-BF82-4D75-9EE7-ADA976D8D4B6}"
EndProject
Project("{2150E333-8FDC-42A3-9474-1A3956D46DE8}") = "Vjezba_5", "Vjezba_5", "{5EAC8F33-EA99-4504-819C-8720088651AA}"
EndProject
Project("{2150E333-8FDC-42A3-9474-1A3956D46DE8}") = "Vjezba_6", "Vjezba_6", "{306491B3-69CF-4EA9-BE59-6A189FBCE8D6}"
EndProject
Project("{2150E333-8FDC-42A3-9474-1A3956D46DE8}") = "Vjezba_7", "Vjezba_7", "{63A5A2B5-AA01-49EF-B2ED-EDD4CB09915B}"
EndProject
Project("{2150E333-8FDC-42A3-9474-1A3956D46DE8}") = "Vjezba_8", "Vjezba_8", "{6F3E8D40-7543-4566-AC3B-9ACF97C903FC}"
EndProject
Project("{2150E333-8FDC-42A3-9474-1A3956D46DE8}") = "Vjezba_0", "Vjezba_0", "{76547A53-25FE-4EDF-AF9B-C245C7DA8D9D}"
EndProject
Project("{FAE04EC0-301F-11D3-BF4B-00C04F79EFBC}") = "HeapSort", "HeapSort\HeapSort.csproj", "{53556488-1C80-43B3-9E6E-2C0077E96EE9}"
EndProject
Project("{FAE04EC0-301F-11D3-BF4B-00C04F79EFBC}") = "SingleList_Generic", "SingleList_Generic\SingleList_Generic.csproj", "{F8A1B078-E240-43FB-8A58-938D77B74DB1}"
EndProject
Project("{FAE04EC0-301F-11D3-BF4B-00C04F79EFBC}") = "HashTable", "HashTable\HashTable.csproj", "{9C51D32C-7523-424C-88FF-3A115CCA06D6}"
EndProject
Global
	GlobalSection(SolutionConfigurationPlatforms) = preSolution
		Debug|Any CPU = Debug|Any CPU
		Release|Any CPU = Release|Any CPU
	EndGlobalSection
	GlobalSection(ProjectConfigurationPlatforms) = postSolution
		{8BB6D90A-8B61-4DAA-BF44-BB242DC89D4B}.Debug|Any CPU.ActiveCfg = Debug|Any CPU
		{8BB6D90A-8B61-4DAA-BF44-BB242DC89D4B}.Debug|Any CPU.Build.0 = Debug|Any CPU
		{8BB6D90A-8B61-4DAA-BF44-BB242DC89D4B}.Release|Any CPU.ActiveCfg = Release|Any CPU
		{8BB6D90A-8B61-4DAA-BF44-BB242DC89D4B}.Release|Any CPU.Build.0 = Release|Any CPU
		{E42AC98B-B049-4B0D-9487-4023DF96CA2A}.Debug|Any CPU.ActiveCfg = Debug|Any CPU
		{E42AC98B-B049-4B0D-9487-4023DF96CA2A}.Debug|Any CPU.Build.0 = Debug|Any CPU
		{E42AC98B-B049-4B0D-9487-4023DF96CA2A}.Release|Any CPU.ActiveCfg = Release|Any CPU
		{E42AC98B-B049-4B0D-9487-4023DF96CA2A}.Release|Any CPU.Build.0 = Release|Any CPU
		{8D376643-DFE6-49C6-90A6-68AE4EC72DCA}.Debug|Any CPU.ActiveCfg = Debug|Any CPU
		{8D376643-DFE6-49C6-90A6-68AE4EC72DCA}.Debug|Any CPU.Build.0 = Debug|Any CPU
		{8D376643-DFE6-49C6-90A6-68AE4EC72DCA}.Release|Any CPU.ActiveCfg = Release|Any CPU
		{8D376643-DFE6-49C6-90A6-68AE4EC72DCA}.Release|Any CPU.Build.0 = Release|Any CPU
		{E926D139-780A-4697-AF82-EBB45E191B65}.Debug|Any CPU.ActiveCfg = Debug|Any CPU
		{E926D139-780A-4697-AF82-EBB45E191B65}.Debug|Any CPU.Build.0 = Debug|Any CPU
		{E926D139-780A-4697-AF82-EBB45E191B65}.Release|Any CPU.ActiveCfg = Release|Any CPU
		{E926D139-780A-4697-AF82-EBB45E191B65}.Release|Any CPU.Build.0 = Release|Any CPU
		{FA2B689E-68F1-4BA6-A633-534532B221CF}.Debug|Any CPU.ActiveCfg = Debug|Any CPU
		{FA2B689E-68F1-4BA6-A633-534532B221CF}.Debug|Any CPU.Build.0 = Debug|Any CPU
		{FA2B689E-68F1-4BA6-A633-534532B221CF}.Release|Any CPU.ActiveCfg = Release|Any CPU
		{FA2B689E-68F1-4BA6-A633-534532B221CF}.Release|Any CPU.Build.0 = Release|Any CPU
		{BAB81B34-C301-4FEB-8C2F-BF520F78EAA9}.Debug|Any CPU.ActiveCfg = Debug|Any CPU
		{BAB81B34-C301-4FEB-8C2F-BF520F78EAA9}.Debug|Any CPU.Build.0 = Debug|Any CPU
		{BAB81B34-C301-4FEB-8C2F-BF520F78EAA9}.Release|Any CPU.ActiveCfg = Release|Any CPU
		{BAB81B34-C301-4FEB-8C2F-BF520F78EAA9}.Release|Any CPU.Build.0 = Release|Any CPU
		{F53614B3-E26B-44A6-901C-B6EDA8B80CFB}.Debug|Any CPU.ActiveCfg = Debug|Any CPU
		{F53614B3-E26B-44A6-901C-B6EDA8B80CFB}.Debug|Any CPU.Build.0 = Debug|Any CPU
		{F53614B3-E26B-44A6-901C-B6EDA8B80CFB}.Release|Any CPU.ActiveCfg = Release|Any CPU
		{F53614B3-E26B-44A6-901C-B6EDA8B80CFB}.Release|Any CPU.Build.0 = Release|Any CPU
		{90FB1D7D-C30A-4342-8362-B428EF9772B8}.Debug|Any CPU.ActiveCfg = Debug|Any CPU
		{90FB1D7D-C30A-4342-8362-B428EF9772B8}.Debug|Any CPU.Build.0 = Debug|Any CPU
		{90FB1D7D-C30A-4342-8362-B428EF9772B8}.Release|Any CPU.ActiveCfg = Release|Any CPU
		{90FB1D7D-C30A-4342-8362-B428EF9772B8}.Release|Any CPU.Build.0 = Release|Any CPU
		{6A311B11-0FFB-4292-844D-ACBA09D98C05}.Debug|Any CPU.ActiveCfg = Debug|Any CPU
		{6A311B11-0FFB-4292-844D-ACBA09D98C05}.Debug|Any CPU.Build.0 = Debug|Any CPU
		{6A311B11-0FFB-4292-844D-ACBA09D98C05}.Release|Any CPU.ActiveCfg = Release|Any CPU
		{6A311B11-0FFB-4292-844D-ACBA09D98C05}.Release|Any CPU.Build.0 = Release|Any CPU
		{6F0A747B-9CD7-46F1-8A74-C0C6498F3510}.Debug|Any CPU.ActiveCfg = Debug|Any CPU
		{6F0A747B-9CD7-46F1-8A74-C0C6498F3510}.Debug|Any CPU.Build.0 = Debug|Any CPU
		{6F0A747B-9CD7-46F1-8A74-C0C6498F3510}.Release|Any CPU.ActiveCfg = Release|Any CPU
		{6F0A747B-9CD7-46F1-8A74-C0C6498F3510}.Release|Any CPU.Build.0 = Release|Any CPU
		{1F945A0D-3A77-4242-8D0B-931BE1949BE4}.Debug|Any CPU.ActiveCfg = Debug|Any CPU
		{1F945A0D-3A77-4242-8D0B-931BE1949BE4}.Debug|Any CPU.Build.0 = Debug|Any CPU
		{1F945A0D-3A77-4242-8D0B-931BE1949BE4}.Release|Any CPU.ActiveCfg = Release|Any CPU
		{1F945A0D-3A77-4242-8D0B-931BE1949BE4}.Release|Any CPU.Build.0 = Release|Any CPU
		{4643999E-EC87-44CB-BE09-D76D8871FF9F}.Debug|Any CPU.ActiveCfg = Debug|Any CPU
		{4643999E-EC87-44CB-BE09-D76D8871FF9F}.Debug|Any CPU.Build.0 = Debug|Any CPU
		{4643999E-EC87-44CB-BE09-D76D8871FF9F}.Release|Any CPU.ActiveCfg = Release|Any CPU
		{4643999E-EC87-44CB-BE09-D76D8871FF9F}.Release|Any CPU.Build.0 = Release|Any CPU
		{98228262-915C-47AC-8DA6-FCE075870673}.Debug|Any CPU.ActiveCfg = Debug|Any CPU
		{98228262-915C-47AC-8DA6-FCE075870673}.Debug|Any CPU.Build.0 = Debug|Any CPU
		{98228262-915C-47AC-8DA6-FCE075870673}.Release|Any CPU.ActiveCfg = Release|Any CPU
		{98228262-915C-47AC-8DA6-FCE075870673}.Release|Any CPU.Build.0 = Release|Any CPU
		{CE4A2EF0-D16C-457D-B219-D1735F4B362F}.Debug|Any CPU.ActiveCfg = Debug|Any CPU
		{CE4A2EF0-D16C-457D-B219-D1735F4B362F}.Debug|Any CPU.Build.0 = Debug|Any CPU
		{CE4A2EF0-D16C-457D-B219-D1735F4B362F}.Release|Any CPU.ActiveCfg = Release|Any CPU
		{CE4A2EF0-D16C-457D-B219-D1735F4B362F}.Release|Any CPU.Build.0 = Release|Any CPU
		{BF6540E3-6BE7-42AC-9009-9DE09F25F52D}.Debug|Any CPU.ActiveCfg = Debug|Any CPU
		{BF6540E3-6BE7-42AC-9009-9DE09F25F52D}.Debug|Any CPU.Build.0 = Debug|Any CPU
		{BF6540E3-6BE7-42AC-9009-9DE09F25F52D}.Release|Any CPU.ActiveCfg = Release|Any CPU
		{BF6540E3-6BE7-42AC-9009-9DE09F25F52D}.Release|Any CPU.Build.0 = Release|Any CPU
		{61F38C52-1AC9-4341-B576-B66AA5BEE5AF}.Debug|Any CPU.ActiveCfg = Debug|Any CPU
		{61F38C52-1AC9-4341-B576-B66AA5BEE5AF}.Debug|Any CPU.Build.0 = Debug|Any CPU
		{61F38C52-1AC9-4341-B576-B66AA5BEE5AF}.Release|Any CPU.ActiveCfg = Release|Any CPU
		{61F38C52-1AC9-4341-B576-B66AA5BEE5AF}.Release|Any CPU.Build.0 = Release|Any CPU
		{BFAB85E1-365C-49CA-914A-6B7BF6A249D1}.Debug|Any CPU.ActiveCfg = Debug|Any CPU
		{BFAB85E1-365C-49CA-914A-6B7BF6A249D1}.Debug|Any CPU.Build.0 = Debug|Any CPU
		{BFAB85E1-365C-49CA-914A-6B7BF6A249D1}.Release|Any CPU.ActiveCfg = Release|Any CPU
		{BFAB85E1-365C-49CA-914A-6B7BF6A249D1}.Release|Any CPU.Build.0 = Release|Any CPU
		{BAF24689-AC15-4DAB-993E-1F0E0859F594}.Debug|Any CPU.ActiveCfg = Debug|Any CPU
		{BAF24689-AC15-4DAB-993E-1F0E0859F594}.Debug|Any CPU.Build.0 = Debug|Any CPU
		{BAF24689-AC15-4DAB-993E-1F0E0859F594}.Release|Any CPU.ActiveCfg = Release|Any CPU
		{BAF24689-AC15-4DAB-993E-1F0E0859F594}.Release|Any CPU.Build.0 = Release|Any CPU
		{21A82837-066E-4937-96A9-3B53E4CD2619}.Debug|Any CPU.ActiveCfg = Debug|Any CPU
		{21A82837-066E-4937-96A9-3B53E4CD2619}.Debug|Any CPU.Build.0 = Debug|Any CPU
		{21A82837-066E-4937-96A9-3B53E4CD2619}.Release|Any CPU.ActiveCfg = Release|Any CPU
		{21A82837-066E-4937-96A9-3B53E4CD2619}.Release|Any CPU.Build.0 = Release|Any CPU
		{5A3F7EFF-8E9A-4DCF-8E26-9D28284A6731}.Debug|Any CPU.ActiveCfg = Debug|Any CPU
		{5A3F7EFF-8E9A-4DCF-8E26-9D28284A6731}.Debug|Any CPU.Build.0 = Debug|Any CPU
		{5A3F7EFF-8E9A-4DCF-8E26-9D28284A6731}.Release|Any CPU.ActiveCfg = Release|Any CPU
		{5A3F7EFF-8E9A-4DCF-8E26-9D28284A6731}.Release|Any CPU.Build.0 = Release|Any CPU
		{317B220D-AC2D-46CD-91E4-C1EA45B95902}.Debug|Any CPU.ActiveCfg = Debug|Any CPU
		{317B220D-AC2D-46CD-91E4-C1EA45B95902}.Debug|Any CPU.Build.0 = Debug|Any CPU
		{317B220D-AC2D-46CD-91E4-C1EA45B95902}.Release|Any CPU.ActiveCfg = Release|Any CPU
		{317B220D-AC2D-46CD-91E4-C1EA45B95902}.Release|Any CPU.Build.0 = Release|Any CPU
		{15EF0174-15D7-42A0-8F49-C38D93DFE1CD}.Debug|Any CPU.ActiveCfg = Debug|Any CPU
		{15EF0174-15D7-42A0-8F49-C38D93DFE1CD}.Debug|Any CPU.Build.0 = Debug|Any CPU
		{15EF0174-15D7-42A0-8F49-C38D93DFE1CD}.Release|Any CPU.ActiveCfg = Release|Any CPU
		{15EF0174-15D7-42A0-8F49-C38D93DFE1CD}.Release|Any CPU.Build.0 = Release|Any CPU
		{66C31AE4-AEDD-44BD-9D4D-6351A37A0ED7}.Debug|Any CPU.ActiveCfg = Debug|Any CPU
		{66C31AE4-AEDD-44BD-9D4D-6351A37A0ED7}.Debug|Any CPU.Build.0 = Debug|Any CPU
		{66C31AE4-AEDD-44BD-9D4D-6351A37A0ED7}.Release|Any CPU.ActiveCfg = Release|Any CPU
		{66C31AE4-AEDD-44BD-9D4D-6351A37A0ED7}.Release|Any CPU.Build.0 = Release|Any CPU
		{03EED59C-EA65-464E-AB78-6373DE4B9658}.Debug|Any CPU.ActiveCfg = Debug|Any CPU
		{03EED59C-EA65-464E-AB78-6373DE4B9658}.Debug|Any CPU.Build.0 = Debug|Any CPU
		{03EED59C-EA65-464E-AB78-6373DE4B9658}.Release|Any CPU.ActiveCfg = Release|Any CPU
		{03EED59C-EA65-464E-AB78-6373DE4B9658}.Release|Any CPU.Build.0 = Release|Any CPU
		{13DE4533-7001-4286-A6B3-6525E92F9BC1}.Debug|Any CPU.ActiveCfg = Debug|Any CPU
		{13DE4533-7001-4286-A6B3-6525E92F9BC1}.Debug|Any CPU.Build.0 = Debug|Any CPU
		{13DE4533-7001-4286-A6B3-6525E92F9BC1}.Release|Any CPU.ActiveCfg = Release|Any CPU
		{13DE4533-7001-4286-A6B3-6525E92F9BC1}.Release|Any CPU.Build.0 = Release|Any CPU
		{455D98E1-8E32-430A-A603-B3F5A9B4AA50}.Debug|Any CPU.ActiveCfg = Debug|Any CPU
		{455D98E1-8E32-430A-A603-B3F5A9B4AA50}.Debug|Any CPU.Build.0 = Debug|Any CPU
		{455D98E1-8E32-430A-A603-B3F5A9B4AA50}.Release|Any CPU.ActiveCfg = Release|Any CPU
		{455D98E1-8E32-430A-A603-B3F5A9B4AA50}.Release|Any CPU.Build.0 = Release|Any CPU
		{51BE9678-25AA-48E3-8ACD-528C8CBADEA6}.Debug|Any CPU.ActiveCfg = Debug|Any CPU
		{51BE9678-25AA-48E3-8ACD-528C8CBADEA6}.Debug|Any CPU.Build.0 = Debug|Any CPU
		{51BE9678-25AA-48E3-8ACD-528C8CBADEA6}.Release|Any CPU.ActiveCfg = Release|Any CPU
		{51BE9678-25AA-48E3-8ACD-528C8CBADEA6}.Release|Any CPU.Build.0 = Release|Any CPU
		{767BFE18-8DBA-44F7-8650-EC8866B72133}.Debug|Any CPU.ActiveCfg = Debug|Any CPU
		{767BFE18-8DBA-44F7-8650-EC8866B72133}.Debug|Any CPU.Build.0 = Debug|Any CPU
		{767BFE18-8DBA-44F7-8650-EC8866B72133}.Release|Any CPU.ActiveCfg = Release|Any CPU
		{767BFE18-8DBA-44F7-8650-EC8866B72133}.Release|Any CPU.Build.0 = Release|Any CPU
		{53556488-1C80-43B3-9E6E-2C0077E96EE9}.Debug|Any CPU.ActiveCfg = Debug|Any CPU
		{53556488-1C80-43B3-9E6E-2C0077E96EE9}.Debug|Any CPU.Build.0 = Debug|Any CPU
		{53556488-1C80-43B3-9E6E-2C0077E96EE9}.Release|Any CPU.ActiveCfg = Release|Any CPU
		{53556488-1C80-43B3-9E6E-2C0077E96EE9}.Release|Any CPU.Build.0 = Release|Any CPU
		{F8A1B078-E240-43FB-8A58-938D77B74DB1}.Debug|Any CPU.ActiveCfg = Debug|Any CPU
		{F8A1B078-E240-43FB-8A58-938D77B74DB1}.Debug|Any CPU.Build.0 = Debug|Any CPU
		{F8A1B078-E240-43FB-8A58-938D77B74DB1}.Release|Any CPU.ActiveCfg = Release|Any CPU
		{F8A1B078-E240-43FB-8A58-938D77B74DB1}.Release|Any CPU.Build.0 = Release|Any CPU
		{9C51D32C-7523-424C-88FF-3A115CCA06D6}.Debug|Any CPU.ActiveCfg = Debug|Any CPU
		{9C51D32C-7523-424C-88FF-3A115CCA06D6}.Debug|Any CPU.Build.0 = Debug|Any CPU
		{9C51D32C-7523-424C-88FF-3A115CCA06D6}.Release|Any CPU.ActiveCfg = Release|Any CPU
		{9C51D32C-7523-424C-88FF-3A115CCA06D6}.Release|Any CPU.Build.0 = Release|Any CPU
	EndGlobalSection
	GlobalSection(SolutionProperties) = preSolution
		HideSolutionNode = FALSE
	EndGlobalSection
	GlobalSection(NestedProjects) = preSolution
		{8BB6D90A-8B61-4DAA-BF44-BB242DC89D4B} = {74AE00B8-2FD4-4097-8150-ED84A04618FD}
		{E42AC98B-B049-4B0D-9487-4023DF96CA2A} = {74AE00B8-2FD4-4097-8150-ED84A04618FD}
		{8D376643-DFE6-49C6-90A6-68AE4EC72DCA} = {74AE00B8-2FD4-4097-8150-ED84A04618FD}
		{E926D139-780A-4697-AF82-EBB45E191B65} = {74AE00B8-2FD4-4097-8150-ED84A04618FD}
		{FA2B689E-68F1-4BA6-A633-534532B221CF} = {74AE00B8-2FD4-4097-8150-ED84A04618FD}
		{BAB81B34-C301-4FEB-8C2F-BF520F78EAA9} = {034521A3-B417-45D7-8284-CEE2C257E0F5}
		{F53614B3-E26B-44A6-901C-B6EDA8B80CFB} = {034521A3-B417-45D7-8284-CEE2C257E0F5}
		{90FB1D7D-C30A-4342-8362-B428EF9772B8} = {034521A3-B417-45D7-8284-CEE2C257E0F5}
		{6A311B11-0FFB-4292-844D-ACBA09D98C05} = {2A664EB6-5DD1-4202-89B5-8F14133F0E54}
		{6F0A747B-9CD7-46F1-8A74-C0C6498F3510} = {2A664EB6-5DD1-4202-89B5-8F14133F0E54}
		{1F945A0D-3A77-4242-8D0B-931BE1949BE4} = {2A664EB6-5DD1-4202-89B5-8F14133F0E54}
		{4643999E-EC87-44CB-BE09-D76D8871FF9F} = {76547A53-25FE-4EDF-AF9B-C245C7DA8D9D}
		{98228262-915C-47AC-8DA6-FCE075870673} = {76547A53-25FE-4EDF-AF9B-C245C7DA8D9D}
		{CE4A2EF0-D16C-457D-B219-D1735F4B362F} = {76547A53-25FE-4EDF-AF9B-C245C7DA8D9D}
		{BF6540E3-6BE7-42AC-9009-9DE09F25F52D} = {76547A53-25FE-4EDF-AF9B-C245C7DA8D9D}
		{61F38C52-1AC9-4341-B576-B66AA5BEE5AF} = {76547A53-25FE-4EDF-AF9B-C245C7DA8D9D}
		{BFAB85E1-365C-49CA-914A-6B7BF6A249D1} = {5EAC8F33-EA99-4504-819C-8720088651AA}
		{BAF24689-AC15-4DAB-993E-1F0E0859F594} = {0F0B8FF8-BF82-4D75-9EE7-ADA976D8D4B6}
		{21A82837-066E-4937-96A9-3B53E4CD2619} = {5EAC8F33-EA99-4504-819C-8720088651AA}
		{5A3F7EFF-8E9A-4DCF-8E26-9D28284A6731} = {306491B3-69CF-4EA9-BE59-6A189FBCE8D6}
		{317B220D-AC2D-46CD-91E4-C1EA45B95902} = {306491B3-69CF-4EA9-BE59-6A189FBCE8D6}
		{15EF0174-15D7-42A0-8F49-C38D93DFE1CD} = {306491B3-69CF-4EA9-BE59-6A189FBCE8D6}
		{66C31AE4-AEDD-44BD-9D4D-6351A37A0ED7} = {306491B3-69CF-4EA9-BE59-6A189FBCE8D6}
		{03EED59C-EA65-464E-AB78-6373DE4B9658} = {306491B3-69CF-4EA9-BE59-6A189FBCE8D6}
		{13DE4533-7001-4286-A6B3-6525E92F9BC1} = {306491B3-69CF-4EA9-BE59-6A189FBCE8D6}
		{455D98E1-8E32-430A-A603-B3F5A9B4AA50} = {0F0B8FF8-BF82-4D75-9EE7-ADA976D8D4B6}
		{767BFE18-8DBA-44F7-8650-EC8866B72133} = {6F3E8D40-7543-4566-AC3B-9ACF97C903FC}
		{53556488-1C80-43B3-9E6E-2C0077E96EE9} = {2A664EB6-5DD1-4202-89B5-8F14133F0E54}
		{F8A1B078-E240-43FB-8A58-938D77B74DB1} = {306491B3-69CF-4EA9-BE59-6A189FBCE8D6}
		{9C51D32C-7523-424C-88FF-3A115CCA06D6} = {63A5A2B5-AA01-49EF-B2ED-EDD4CB09915B}
	EndGlobalSection
	GlobalSection(ExtensibilityGlobals) = postSolution
		SolutionGuid = {E411C810-F7C9-4F9D-B6B3-0F261226B5B4}
	EndGlobalSection
EndGlobal
